{
  "name": "front-end",
  "version": "0.0.0",
  "lockfileVersion": 1,
  "requires": true,
  "dependencies": {
    "enhanced-resolve": {
      "version": "5.2.0",
      "resolved": "https://registry.npmjs.org/enhanced-resolve/-/enhanced-resolve-5.2.0.tgz",
      "integrity": "sha512-NZlGLl8DxmZoq0uqPPtJfsCAir68uR047+Udsh1FH4+5ydGQdMurn/A430A1BtxASVmMEuS7/XiJ5OxJ9apAzQ==",
      "dev": true,
      "requires": {
        "graceful-fs": "^4.2.4",
        "tapable": "^2.0.0"
      }
    },
    "graceful-fs": {
      "version": "4.2.4",
      "resolved": "https://registry.npmjs.org/graceful-fs/-/graceful-fs-4.2.4.tgz",
      "integrity": "sha512-WjKPNJF79dtJAVniUlGGWHYGz2jWxT6VhN/4m1NdkbZ2nOsEF+cI1Edgql5zCRhs/VsQYRvrXctxktVXZUkixw==",
      "dev": true
    },
    "tapable": {
      "version": "2.0.0",
      "resolved": "https://registry.npmjs.org/tapable/-/tapable-2.0.0.tgz",
      "integrity": "sha512-bjzn0C0RWoffnNdTzNi7rNDhs1Zlwk2tRXgk8EiHKAOX1Mag3d6T0Y5zNa7l9CJ+EoUne/0UHdwS8tMbkh9zDg==",
      "dev": true
    }
  }
}
